
Microsoft Visual Studio Solution File, Format Version 12.00
# Visual Studio Version 16
VisualStudioVersion = 16.0.31205.134
MinimumVisualStudioVersion = 10.0.40219.1
Project("{FAE04EC0-301F-11D3-BF4B-00C04F79EFBC}") = "BluDataTesteFrontEnd", "BluDataTesteFrontEnd\BluDataTesteFrontEnd.csproj", "{9353B90A-7E54-402E-A23E-C1C4D37CB65F}"
EndProject
Global
	GlobalSection(SolutionConfigurationPlatforms) = preSolution
		Debug|Any CPU = Debug|Any CPU
		Release|Any CPU = Release|Any CPU
	EndGlobalSection
	GlobalSection(ProjectConfigurationPlatforms) = postSolution
		{9353B90A-7E54-402E-A23E-C1C4D37CB65F}.Debug|Any CPU.ActiveCfg = Debug|Any CPU
		{9353B90A-7E54-402E-A23E-C1C4D37CB65F}.Debug|Any CPU.Build.0 = Debug|Any CPU
		{9353B90A-7E54-402E-A23E-C1C4D37CB65F}.Release|Any CPU.ActiveCfg = Release|Any CPU
		{9353B90A-7E54-402E-A23E-C1C4D37CB65F}.Release|Any CPU.Build.0 = Release|Any CPU
	EndGlobalSection
	GlobalSection(SolutionProperties) = preSolution
		HideSolutionNode = FALSE
	EndGlobalSection
	GlobalSection(ExtensibilityGlobals) = postSolution
		SolutionGuid = {E401B87C-F98A-4B5A-8015-3B6AA8AEFA87}
	EndGlobalSection
EndGlobal
